Microsoft Visual Studio Solution File, Format Version 12.00
# Visual Studio Version 17
VisualStudioVersion = 17.5.2.0
MinimumVisualStudioVersion = 10.0.40219.1
Project("{FAE04EC0-301F-11D3-BF4B-00C04F79EFBC}") = "keyvault-demo", "keyvault-demo.csproj", "{EFDD83C5-BE1F-E087-AD3B-4122E9844F8F}"
EndProject
Global
	GlobalSection(SolutionConfigurationPlatforms) = preSolution
		Debug|Any CPU = Debug|Any CPU
		Release|Any CPU = Release|Any CPU
	EndGlobalSection
	GlobalSection(ProjectConfigurationPlatforms) = postSolution
		{EFDD83C5-BE1F-E087-AD3B-4122E9844F8F}.Debug|Any CPU.ActiveCfg = Debug|Any CPU
		{EFDD83C5-BE1F-E087-AD3B-4122E9844F8F}.Debug|Any CPU.Build.0 = Debug|Any CPU
		{EFDD83C5-BE1F-E087-AD3B-4122E9844F8F}.Release|Any CPU.ActiveCfg = Release|Any CPU
		{EFDD83C5-BE1F-E087-AD3B-4122E9844F8F}.Release|Any CPU.Build.0 = Release|Any CPU
	EndGlobalSection
	GlobalSection(SolutionProperties) = preSolution
		HideSolutionNode = FALSE
	EndGlobalSection
	GlobalSection(ExtensibilityGlobals) = postSolution
		SolutionGuid = {15C22FEB-74E8-49BC-B89D-CCDB0FF3246F}
	EndGlobalSection
EndGlobal
